// !$*UTF8*$!
{
	archiveVersion = 1;
	classes = {
	};
	objectVersion = 50;
	objects = {

/* Begin PBXBuildFile section */
		BDF21B4123098C050055DDDF /* AppDelegate.swift in Sources */ = {isa = PBXBuildFile; fileRef = BDF21B4023098C050055DDDF /* AppDelegate.swift */; };
		BDF21B4623098C060055DDDF /* Main.storyboard in Resources */ = {isa = PBXBuildFile; fileRef = BDF21B4423098C060055DDDF /* Main.storyboard */; };
		BDF21B4823098C090055DDDF /* Assets.xcassets in Resources */ = {isa = PBXBuildFile; fileRef = BDF21B4723098C090055DDDF /* Assets.xcassets */; };
		BDF21B4B23098C090055DDDF /* LaunchScreen.storyboard in Resources */ = {isa = PBXBuildFile; fileRef = BDF21B4923098C090055DDDF /* LaunchScreen.storyboard */; };
		BDF21B5623098C090055DDDF /* PhotoramaTests.swift in Sources */ = {isa = PBXBuildFile; fileRef = BDF21B5523098C090055DDDF /* PhotoramaTests.swift */; };
		BDF21B6123098C090055DDDF /* PhotoramaUITests.swift in Sources */ = {isa = PBXBuildFile; fileRef = BDF21B6023098C090055DDDF /* PhotoramaUITests.swift */; };
		BDF21B6F23098C760055DDDF /* PhotosViewController.swift in Sources */ = {isa = PBXBuildFile; fileRef = BDF21B6E23098C760055DDDF /* PhotosViewController.swift */; };
		BDF21B71230995090055DDDF /* FlickrAPI.swift in Sources */ = {isa = PBXBuildFile; fileRef = BDF21B70230995090055DDDF /* FlickrAPI.swift */; };
		BDF21B7323099FDD0055DDDF /* PhotoStore.swift in Sources */ = {isa = PBXBuildFile; fileRef = BDF21B7223099FDD0055DDDF /* PhotoStore.swift */; };
		BDF21B752309CBB00055DDDF /* Photo.swift in Sources */ = {isa = PBXBuildFile; fileRef = BDF21B742309CBB00055DDDF /* Photo.swift */; };
		BDF21B77230AC0CA0055DDDF /* PhotoDataSource.swift in Sources */ = {isa = PBXBuildFile; fileRef = BDF21B76230AC0CA0055DDDF /* PhotoDataSource.swift */; };
		BDF21B79230AD55F0055DDDF /* PhotoCollectionViewCell.swift in Sources */ = {isa = PBXBuildFile; fileRef = BDF21B78230AD55F0055DDDF /* PhotoCollectionViewCell.swift */; };
/* End PBXBuildFile section */

/* Begin PBXContainerItemProxy section */
		BDF21B5223098C090055DDDF /* PBXContainerItemProxy */ = {
			isa = PBXContainerItemProxy;
			containerPortal = BDF21B3523098C050055DDDF /* Project object */;
			proxyType = 1;
			remoteGlobalIDString = BDF21B3C23098C050055DDDF;
			remoteInfo = Photorama;
		};
		BDF21B5D23098C090055DDDF /* PBXContainerItemProxy */ = {
			isa = PBXContainerItemProxy;
			containerPortal = BDF21B3523098C050055DDDF /* Project object */;
			proxyType = 1;
			remoteGlobalIDString = BDF21B3C23098C050055DDDF;
			remoteInfo = Photorama;
		};
/* End PBXContainerItemProxy section */

/* Begin PBXFileReference section */
		BDF21B3D23098C050055DDDF /* Photorama.app */ = {isa = PBXFileReference; explicitFileType = wrapper.application; includeInIndex = 0; path = Photorama.app; sourceTree = BUILT_PRODUCTS_DIR; };
		BDF21B4023098C050055DDDF /* AppDelegate.swift */ = {isa = PBXFileReference; lastKnownFileType = sourcecode.swift; path = AppDelegate.swift; sourceTree = "<group>"; };
		BDF21B4523098C060055DDDF /* Base */ = {isa = PBXFileReference; lastKnownFileType = file.storyboard; name = Base; path = Base.lproj/Main.storyboard; sourceTree = "<group>"; };
		BDF21B4723098C090055DDDF /* Assets.xcassets */ = {isa = PBXFileReference; lastKnownFileType = folder.assetcatalog; path = Assets.xcassets; sourceTree = "<group>"; };
		BDF21B4A23098C090055DDDF /* Base */ = {isa = PBXFileReference; lastKnownFileType = file.storyboard; name = Base; path = Base.lproj/LaunchScreen.storyboard; sourceTree = "<group>"; };
		BDF21B4C23098C090055DDDF /* Info.plist */ = {isa = PBXFileReference; lastKnownFileType = text.plist.xml; path = Info.plist; sourceTree = "<group>"; };
		BDF21B5123098C090055DDDF /* PhotoramaTests.xctest */ = {isa = PBXFileReference; explicitFileType = wrapper.cfbundle; includeInIndex = 0; path = PhotoramaTests.xctest; sourceTree = BUILT_PRODUCTS_DIR; };
		BDF21B5523098C090055DDDF /* PhotoramaTests.swift */ = {isa = PBXFileReference; lastKnownFileType = sourcecode.swift; path = PhotoramaTests.swift; sourceTree = "<group>"; };
		BDF21B5723098C090055DDDF /* Info.plist */ = {isa = PBXFileReference; lastKnownFileType = text.plist.xml; path = Info.plist; sourceTree = "<group>"; };
		BDF21B5C23098C090055DDDF /* PhotoramaUITests.xctest */ = {isa = PBXFileReference; explicitFileType = wrapper.cfbundle; includeInIndex = 0; path = PhotoramaUITests.xctest; sourceTree = BUILT_PRODUCTS_DIR; };
		BDF21B6023098C090055DDDF /* PhotoramaUITests.swift */ = {isa = PBXFileReference; lastKnownFileType = sourcecode.swift; path = PhotoramaUITests.swift; sourceTree = "<group>"; };
		BDF21B6223098C090055DDDF /* Info.plist */ = {isa = PBXFileReference; lastKnownFileType = text.plist.xml; path = Info.plist; sourceTree = "<group>"; };
		BDF21B6E23098C760055DDDF /* PhotosViewController.swift */ = {isa = PBXFileReference; lastKnownFileType = sourcecode.swift; path = PhotosViewController.swift; sourceTree = "<group>"; };
		BDF21B70230995090055DDDF /* FlickrAPI.swift */ = {isa = PBXFileReference; lastKnownFileType = sourcecode.swift; path = FlickrAPI.swift; sourceTree = "<group>"; };
		BDF21B7223099FDD0055DDDF /* PhotoStore.swift */ = {isa = PBXFileReference; lastKnownFileType = sourcecode.swift; path = PhotoStore.swift; sourceTree = "<group>"; };
		BDF21B742309CBB00055DDDF /* Photo.swift */ = {isa = PBXFileReference; lastKnownFileType = sourcecode.swift; path = Photo.swift; sourceTree = "<group>"; };
		BDF21B76230AC0CA0055DDDF /* PhotoDataSource.swift */ = {isa = PBXFileReference; lastKnownFileType = sourcecode.swift; path = PhotoDataSource.swift; sourceTree = "<group>"; };
		BDF21B78230AD55F0055DDDF /* PhotoCollectionViewCell.swift */ = {isa = PBXFileReference; lastKnownFileType = sourcecode.swift; path = PhotoCollectionViewCell.swift; sourceTree = "<group>"; };
/* End PBXFileReference section */

/* Begin PBXFrameworksBuildPhase section */
		BDF21B3A23098C050055DDDF /* Frameworks */ = {
			isa = PBXFrameworksBuildPhase;
			buildActionMask = 2147483647;
			files = (
			);
			runOnlyForDeploymentPostprocessing = 0;
		};
		BDF21B4E23098C090055DDDF /* Frameworks */ = {
			isa = PBXFrameworksBuildPhase;
			buildActionMask = 2147483647;
			files = (
			);
			runOnlyForDeploymentPostprocessing = 0;
		};
		BDF21B5923098C090055DDDF /* Frameworks */ = {
			isa = PBXFrameworksBuildPhase;
			buildActionMask = 2147483647;
			files = (
			);
			runOnlyForDeploymentPostprocessing = 0;
		};
/* End PBXFrameworksBuildPhase section */

/* Begin PBXGroup section */
		BDF21B3423098C050055DDDF = {
			isa = PBXGroup;
			children = (
				BDF21B3F23098C050055DDDF /* Photorama */,
				BDF21B5423098C090055DDDF /* PhotoramaTests */,
				BDF21B5F23098C090055DDDF /* PhotoramaUITests */,
				BDF21B3E23098C050055DDDF /* Products */,
			);
			sourceTree = "<group>";
		};
		BDF21B3E23098C050055DDDF /* Products */ = {
			isa = PBXGroup;
			children = (
				BDF21B3D23098C050055DDDF /* Photorama.app */,
				BDF21B5123098C090055DDDF /* PhotoramaTests.xctest */,
				BDF21B5C23098C090055DDDF /* PhotoramaUITests.xctest */,
			);
			name = Products;
			sourceTree = "<group>";
		};
		BDF21B3F23098C050055DDDF /* Photorama */ = {
			isa = PBXGroup;
			children = (
				BDF21B4023098C050055DDDF /* AppDelegate.swift */,
				BDF21B4423098C060055DDDF /* Main.storyboard */,
				BDF21B4723098C090055DDDF /* Assets.xcassets */,
				BDF21B4923098C090055DDDF /* LaunchScreen.storyboard */,
				BDF21B4C23098C090055DDDF /* Info.plist */,
				BDF21B6E23098C760055DDDF /* PhotosViewController.swift */,
				BDF21B70230995090055DDDF /* FlickrAPI.swift */,
				BDF21B7223099FDD0055DDDF /* PhotoStore.swift */,
				BDF21B742309CBB00055DDDF /* Photo.swift */,
				BDF21B76230AC0CA0055DDDF /* PhotoDataSource.swift */,
				BDF21B78230AD55F0055DDDF /* PhotoCollectionViewCell.swift */,
			);
			path = Photorama;
			sourceTree = "<group>";
		};
		BDF21B5423098C090055DDDF /* PhotoramaTests */ = {
			isa = PBXGroup;
			children = (
				BDF21B5523098C090055DDDF /* PhotoramaTests.swift */,
				BDF21B5723098C090055DDDF /* Info.plist */,
			);
			path = PhotoramaTests;
			sourceTree = "<group>";
		};
		BDF21B5F23098C090055DDDF /* PhotoramaUITests */ = {
			isa = PBXGroup;
			children = (
				BDF21B6023098C090055DDDF /* PhotoramaUITests.swift */,
				BDF21B6223098C090055DDDF /* Info.plist */,
			);
			path = PhotoramaUITests;
			sourceTree = "<group>";
		};
/* End PBXGroup section */

/* Begin PBXNativeTarget section */
		BDF21B3C23098C050055DDDF /* Photorama */ = {
			isa = PBXNativeTarget;
			buildConfigurationList = BDF21B6523098C090055DDDF /* Build configuration list for PBXNativeTarget "Photorama" */;
			buildPhases = (
				BDF21B3923098C050055DDDF /* Sources */,
				BDF21B3A23098C050055DDDF /* Frameworks */,
				BDF21B3B23098C050055DDDF /* Resources */,
			);
			buildRules = (
			);
			dependencies = (
			);
			name = Photorama;
			productName = Photorama;
			productReference = BDF21B3D23098C050055DDDF /* Photorama.app */;
			productType = "com.apple.product-type.application";
		};
		BDF21B5023098C090055DDDF /* PhotoramaTests */ = {
			isa = PBXNativeTarget;
			buildConfigurationList = BDF21B6823098C090055DDDF /* Build configuration list for PBXNativeTarget "PhotoramaTests" */;
			buildPhases = (
				BDF21B4D23098C090055DDDF /* Sources */,
				BDF21B4E23098C090055DDDF /* Frameworks */,
				BDF21B4F23098C090055DDDF /* Resources */,
			);
			buildRules = (
			);
			dependencies = (
				BDF21B5323098C090055DDDF /* PBXTargetDependency */,
			);
			name = PhotoramaTests;
			productName = PhotoramaTests;
			productReference = BDF21B5123098C090055DDDF /* PhotoramaTests.xctest */;
			productType = "com.apple.product-type.bundle.unit-test";
		};
		BDF21B5B23098C090055DDDF /* PhotoramaUITests */ = {
			isa = PBXNativeTarget;
			buildConfigurationList = BDF21B6B23098C090055DDDF /* Build configuration list for PBXNativeTarget "PhotoramaUITests" */;
			buildPhases = (
				BDF21B5823098C090055DDDF /* Sources */,
				BDF21B5923098C090055DDDF /* Frameworks */,
				BDF21B5A23098C090055DDDF /* Resources */,
			);
			buildRules = (
			);
			dependencies = (
				BDF21B5E23098C090055DDDF /* PBXTargetDependency */,
			);
			name = PhotoramaUITests;
			productName = PhotoramaUITests;
			productReference = BDF21B5C23098C090055DDDF /* PhotoramaUITests.xctest */;
			productType = "com.apple.product-type.bundle.ui-testing";
		};
/* End PBXNativeTarget section */

/* Begin PBXProject section */
		BDF21B3523098C050055DDDF /* Project object */ = {
			isa = PBXProject;
			attributes = {
				LastSwiftUpdateCheck = 1030;
				LastUpgradeCheck = 1030;
				ORGANIZATIONNAME = "M. Ashary";
				TargetAttributes = {
					BDF21B3C23098C050055DDDF = {
						CreatedOnToolsVersion = 10.3;
					};
					BDF21B5023098C090055DDDF = {
						CreatedOnToolsVersion = 10.3;
						TestTargetID = BDF21B3C23098C050055DDDF;
					};
					BDF21B5B23098C090055DDDF = {
						CreatedOnToolsVersion = 10.3;
						TestTargetID = BDF21B3C23098C050055DDDF;
					};
				};
			};
			buildConfigurationList = BDF21B3823098C050055DDDF /* Build configuration list for PBXProject "Photorama" */;
			compatibilityVersion = "Xcode 9.3";
			developmentRegion = en;
			hasScannedForEncodings = 0;
			knownRegions = (
				en,
				Base,
			);
			mainGroup = BDF21B3423098C050055DDDF;
			productRefGroup = BDF21B3E23098C050055DDDF /* Products */;
			projectDirPath = "";
			projectRoot = "";
			targets = (
				BDF21B3C23098C050055DDDF /* Photorama */,
				BDF21B5023098C090055DDDF /* PhotoramaTests */,
				BDF21B5B23098C090055DDDF /* PhotoramaUITests */,
			);
		};
/* End PBXProject section */

/* Begin PBXResourcesBuildPhase section */
		BDF21B3B23098C050055DDDF /* Resources */ = {
			isa = PBXResourcesBuildPhase;
			buildActionMask = 2147483647;
			files = (
				BDF21B4B23098C090055DDDF /* LaunchScreen.storyboard in Resources */,
				BDF21B4823098C090055DDDF /* Assets.xcassets in Resources */,
				BDF21B4623098C060055DDDF /* Main.storyboard in Resources */,
			);
			runOnlyForDeploymentPostprocessing = 0;
		};
		BDF21B4F23098C090055DDDF /* Resources */ = {
			isa = PBXResourcesBuildPhase;
			buildActionMask = 2147483647;
			files = (
			);
			runOnlyForDeploymentPostprocessing = 0;
		};
		BDF21B5A23098C090055DDDF /* Resources */ = {
			isa = PBXResourcesBuildPhase;
			buildActionMask = 2147483647;
			files = (
			);
			runOnlyForDeploymentPostprocessing = 0;
		};
/* End PBXResourcesBuildPhase section */

/* Begin PBXSourcesBuildPhase section */
		BDF21B3923098C050055DDDF /* Sources */ = {
			isa = PBXSourcesBuildPhase;
			buildActionMask = 2147483647;
			files = (
				BDF21B71230995090055DDDF /* FlickrAPI.swift in Sources */,
				BDF21B6F23098C760055DDDF /* PhotosViewController.swift in Sources */,
				BDF21B7323099FDD0055DDDF /* PhotoStore.swift in Sources */,
				BDF21B77230AC0CA0055DDDF /* PhotoDataSource.swift in Sources */,
				BDF21B79230AD55F0055DDDF /* PhotoCollectionViewCell.swift in Sources */,
				BDF21B4123098C050055DDDF /* AppDelegate.swift in Sources */,
				BDF21B752309CBB00055DDDF /* Photo.swift in Sources */,
			);
			runOnlyForDeploymentPostprocessing = 0;
		};
		BDF21B4D23098C090055DDDF /* Sources */ = {
			isa = PBXSourcesBuildPhase;
			buildActionMask = 2147483647;
			files = (
				BDF21B5623098C090055DDDF /* PhotoramaTests.swift in Sources */,
			);
			runOnlyForDeploymentPostprocessing = 0;
		};
		BDF21B5823098C090055DDDF /* Sources */ = {
			isa = PBXSourcesBuildPhase;
			buildActionMask = 2147483647;
			files = (
				BDF21B6123098C090055DDDF /* PhotoramaUITests.swift in Sources */,
			);
			runOnlyForDeploymentPostprocessing = 0;
		};
/* End PBXSourcesBuildPhase section */

/* Begin PBXTargetDependency section */
		BDF21B5323098C090055DDDF /* PBXTargetDependency */ = {
			isa = PBXTargetDependency;
			target = BDF21B3C23098C050055DDDF /* Photorama */;
			targetProxy = BDF21B5223098C090055DDDF /* PBXContainerItemProxy */;
		};
		BDF21B5E23098C090055DDDF /* PBXTargetDependency */ = {
			isa = PBXTargetDependency;
			target = BDF21B3C23098C050055DDDF /* Photorama */;
			targetProxy = BDF21B5D23098C090055DDDF /* PBXContainerItemProxy */;
		};
/* End PBXTargetDependency section */

/* Begin PBXVariantGroup section */
		BDF21B4423098C060055DDDF /* Main.storyboard */ = {
			isa = PBXVariantGroup;
			children = (
				BDF21B4523098C060055DDDF /* Base */,
			);
			name = Main.storyboard;
			sourceTree = "<group>";
		};
		BDF21B4923098C090055DDDF /* LaunchScreen.storyboard */ = {
			isa = PBXVariantGroup;
			children = (
				BDF21B4A23098C090055DDDF /* Base */,
			);
			name = LaunchScreen.storyboard;
			sourceTree = "<group>";
		};
/* End PBXVariantGroup section */

/* Begin XCBuildConfiguration section */
		BDF21B6323098C090055DDDF /* Debug */ = {
			isa = XCBuildConfiguration;
			buildSettings = {
				ALWAYS_SEARCH_USER_PATHS = NO;
				CLANG_ANALYZER_NONNULL = YES;
				CLANG_ANALYZER_NUMBER_OBJECT_CONVERSION = YES_AGGRESSIVE;
				CLANG_CXX_LANGUAGE_STANDARD = "gnu++14";
				CLANG_CXX_LIBRARY = "libc++";
				CLANG_ENABLE_MODULES = YES;
				CLANG_ENABLE_OBJC_ARC = YES;
				CLANG_ENABLE_OBJC_WEAK = YES;
				CLANG_WARN_BLOCK_CAPTURE_AUTORELEASING = YES;
				CLANG_WARN_BOOL_CONVERSION = YES;
				CLANG_WARN_COMMA = YES;
				CLANG_WARN_CONSTANT_CONVERSION = YES;
				CLANG_WARN_DEPRECATED_OBJC_IMPLEMENTATIONS = YES;
				CLANG_WARN_DIRECT_OBJC_ISA_USAGE = YES_ERROR;
				CLANG_WARN_DOCUMENTATION_COMMENTS = YES;
				CLANG_WARN_EMPTY_BODY = YES;
				CLANG_WARN_ENUM_CONVERSION = YES;
				CLANG_WARN_INFINITE_RECURSION = YES;
				CLANG_WARN_INT_CONVERSION = YES;
				CLANG_WARN_NON_LITERAL_NULL_CONVERSION = YES;
				CLANG_WARN_OBJC_IMPLICIT_RETAIN_SELF = YES;
				CLANG_WARN_OBJC_LITERAL_CONVERSION = YES;
				CLANG_WARN_OBJC_ROOT_CLASS = YES_ERROR;
				CLANG_WARN_RANGE_LOOP_ANALYSIS = YES;
				CLANG_WARN_STRICT_PROTOTYPES = YES;
				CLANG_WARN_SUSPICIOUS_MOVE = YES;
				CLANG_WARN_UNGUARDED_AVAILABILITY = YES_AGGRESSIVE;
				CLANG_WARN_UNREACHABLE_CODE = YES;
				CLANG_WARN__DUPLICATE_METHOD_MATCH = YES;
				CODE_SIGN_IDENTITY = "iPhone Developer";
				COPY_PHASE_STRIP = NO;
				DEBUG_INFORMATION_FORMAT = dwarf;
				ENABLE_STRICT_OBJC_MSGSEND = YES;
				ENABLE_TESTABILITY = YES;
				GCC_C_LANGUAGE_STANDARD = gnu11;
				GCC_DYNAMIC_NO_PIC = NO;
				GCC_NO_COMMON_BLOCKS = YES;
				GCC_OPTIMIZATION_LEVEL = 0;
				GCC_PREPROCESSOR_DEFINITIONS = (
					"DEBUG=1",
					"$(inherited)",
				);
				GCC_WARN_64_TO_32_BIT_CONVERSION = YES;
				GCC_WARN_ABOUT_RETURN_TYPE = YES_ERROR;
				GCC_WARN_UNDECLARED_SELECTOR = YES;
				GCC_WARN_UNINITIALIZED_AUTOS = YES_AGGRESSIVE;
				GCC_WARN_UNUSED_FUNCTION = YES;
				GCC_WARN_UNUSED_VARIABLE = YES;
				IPHONEOS_DEPLOYMENT_TARGET = 12.4;
				MTL_ENABLE_DEBUG_INFO = INCLUDE_SOURCE;
				MTL_FAST_MATH = YES;
				ONLY_ACTIVE_ARCH = YES;
				SDKROOT = iphoneos;
				SWIFT_ACTIVE_COMPILATION_CONDITIONS = DEBUG;
				SWIFT_OPTIMIZATION_LEVEL = "-Onone";
			};
			name = Debug;
		};
		BDF21B6423098C090055DDDF /* Release */ = {
			isa = XCBuildConfiguration;
			buildSettings = {
				ALWAYS_SEARCH_USER_PATHS = NO;
				CLANG_ANALYZER_NONNULL = YES;
				CLANG_ANALYZER_NUMBER_OBJECT_CONVERSION = YES_AGGRESSIVE;
				CLANG_CXX_LANGUAGE_STANDARD = "gnu++14";
				CLANG_CXX_LIBRARY = "libc++";
				CLANG_ENABLE_MODULES = YES;
				CLANG_ENABLE_OBJC_ARC = YES;
				CLANG_ENABLE_OBJC_WEAK = YES;
				CLANG_WARN_BLOCK_CAPTURE_AUTORELEASING = YES;
				CLANG_WARN_BOOL_CONVERSION = YES;
				CLANG_WARN_COMMA = YES;
				CLANG_WARN_CONSTANT_CONVERSION = YES;
				CLANG_WARN_DEPRECATED_OBJC_IMPLEMENTATIONS = YES;
				CLANG_WARN_DIRECT_OBJC_ISA_USAGE = YES_ERROR;
				CLANG_WARN_DOCUMENTATION_COMMENTS = YES;
				CLANG_WARN_EMPTY_BODY = YES;
				CLANG_WARN_ENUM_CONVERSION = YES;
				CLANG_WARN_INFINITE_RECURSION = YES;
				CLANG_WARN_INT_CONVERSION = YES;
				CLANG_WARN_NON_LITERAL_NULL_CONVERSION = YES;
				CLANG_WARN_OBJC_IMPLICIT_RETAIN_SELF = YES;
				CLANG_WARN_OBJC_LITERAL_CONVERSION = YES;
				CLANG_WARN_OBJC_ROOT_CLASS = YES_ERROR;
				CLANG_WARN_RANGE_LOOP_ANALYSIS = YES;
				CLANG_WARN_STRICT_PROTOTYPES = YES;
				CLANG_WARN_SUSPICIOUS_MOVE = YES;
				CLANG_WARN_UNGUARDED_AVAILABILITY = YES_AGGRESSIVE;
				CLANG_WARN_UNREACHABLE_CODE = YES;
				CLANG_WARN__DUPLICATE_METHOD_MATCH = YES;
				CODE_SIGN_IDENTITY = "iPhone Developer";
				COPY_PHASE_STRIP = NO;
				DEBUG_INFORMATION_FORMAT = "dwarf-with-dsym";
				ENABLE_NS_ASSERTIONS = NO;
				ENABLE_STRICT_OBJC_MSGSEND = YES;
				GCC_C_LANGUAGE_STANDARD = gnu11;
				GCC_NO_COMMON_BLOCKS = YES;
				GCC_WARN_64_TO_32_BIT_CONVERSION = YES;
				GCC_WARN_ABOUT_RETURN_TYPE = YES_ERROR;
				GCC_WARN_UNDECLARED_SELECTOR = YES;
				GCC_WARN_UNINITIALIZED_AUTOS = YES_AGGRESSIVE;
				GCC_WARN_UNUSED_FUNCTION = YES;
				GCC_WARN_UNUSED_VARIABLE = YES;
				IPHONEOS_DEPLOYMENT_TARGET = 12.4;
				MTL_ENABLE_DEBUG_INFO = NO;
				MTL_FAST_MATH = YES;
				SDKROOT = iphoneos;
				SWIFT_COMPILATION_MODE = wholemodule;
				SWIFT_OPTIMIZATION_LEVEL = "-O";
				VALIDATE_PRODUCT = YES;
			};
			name = Release;
		};
		BDF21B6623098C090055DDDF /* Debug */ = {
			isa = XCBuildConfiguration;
			buildSettings = {
				ASSETCATALOG_COMPILER_APPICON_NAME = AppIcon;
				CODE_SIGN_STYLE = Automatic;
				INFOPLIST_FILE = Photorama/Info.plist;
				LD_RUNPATH_SEARCH_PATHS = (
					"$(inherited)",
					"@executable_path/Frameworks",
				);
				PRODUCT_BUNDLE_IDENTIFIER = com.ariashary.Photorama;
				PRODUCT_NAME = "$(TARGET_NAME)";
				SWIFT_VERSION = 5.0;
				TARGETED_DEVICE_FAMILY = "1,2";
			};
			name = Debug;
		};
		BDF21B6723098C090055DDDF /* Release */ = {
			isa = XCBuildConfiguration;
			buildSettings = {
				ASSETCATALOG_COMPILER_APPICON_NAME = AppIcon;
				CODE_SIGN_STYLE = Automatic;
				INFOPLIST_FILE = Photorama/Info.plist;
				LD_RUNPATH_SEARCH_PATHS = (
					"$(inherited)",
					"@executable_path/Frameworks",
				);
				PRODUCT_BUNDLE_IDENTIFIER = com.ariashary.Photorama;
				PRODUCT_NAME = "$(TARGET_NAME)";
				SWIFT_VERSION = 5.0;
				TARGETED_DEVICE_FAMILY = "1,2";
			};
			name = Release;
		};
		BDF21B6923098C090055DDDF /* Debug */ = {
			isa = XCBuildConfiguration;
			buildSettings = {
				ALWAYS_EMBED_SWIFT_STANDARD_LIBRARIES = YES;
				BUNDLE_LOADER = "$(TEST_HOST)";
				CODE_SIGN_STYLE = Automatic;
				INFOPLIST_FILE = PhotoramaTests/Info.plist;
				LD_RUNPATH_SEARCH_PATHS = (
					"$(inherited)",
					"@executable_path/Frameworks",
					"@loader_path/Frameworks",
				);
				PRODUCT_BUNDLE_IDENTIFIER = com.ariashary.PhotoramaTests;
				PRODUCT_NAME = "$(TARGET_NAME)";
				SWIFT_VERSION = 5.0;
				TARGETED_DEVICE_FAMILY = "1,2";
				TEST_HOST = "$(BUILT_PRODUCTS_DIR)/Photorama.app/Photorama";
			};
			name = Debug;
		};
		BDF21B6A23098C090055DDDF /* Release */ = {
			isa = XCBuildConfiguration;
			buildSettings = {
				ALWAYS_EMBED_SWIFT_STANDARD_LIBRARIES = YES;
				BUNDLE_LOADER = "$(TEST_HOST)";
				CODE_SIGN_STYLE = Automatic;
				INFOPLIST_FILE = PhotoramaTests/Info.plist;
				LD_RUNPATH_SEARCH_PATHS = (
					"$(inherited)",
					"@executable_path/Frameworks",
					"@loader_path/Frameworks",
				);
				PRODUCT_BUNDLE_IDENTIFIER = com.ariashary.PhotoramaTests;
				PRODUCT_NAME = "$(TARGET_NAME)";
				SWIFT_VERSION = 5.0;
				TARGETED_DEVICE_FAMILY = "1,2";
				TEST_HOST = "$(BUILT_PRODUCTS_DIR)/Photorama.app/Photorama";
			};
			name = Release;
		};
		BDF21B6C23098C090055DDDF /* Debug */ = {
			isa = XCBuildConfiguration;
			buildSettings = {
				ALWAYS_EMBED_SWIFT_STANDARD_LIBRARIES = YES;
				CODE_SIGN_STYLE = Automatic;
				INFOPLIST_FILE = PhotoramaUITests/Info.plist;
				LD_RUNPATH_SEARCH_PATHS = (
					"$(inherited)",
					"@executable_path/Frameworks",
					"@loader_path/Frameworks",
				);
				PRODUCT_BUNDLE_IDENTIFIER = com.ariashary.PhotoramaUITests;
				PRODUCT_NAME = "$(TARGET_NAME)";
				SWIFT_VERSION = 5.0;
				TARGETED_DEVICE_FAMILY = "1,2";
				TEST_TARGET_NAME = Photorama;
			};
			name = Debug;
		};
		BDF21B6D23098C090055DDDF /* Release */ = {
			isa = XCBuildConfiguration;
			buildSettings = {
				ALWAYS_EMBED_SWIFT_STANDARD_LIBRARIES = YES;
				CODE_SIGN_STYLE = Automatic;
				INFOPLIST_FILE = PhotoramaUITests/Info.plist;
				LD_RUNPATH_SEARCH_PATHS = (
					"$(inherited)",
					"@executable_path/Frameworks",
					"@loader_path/Frameworks",
				);
				PRODUCT_BUNDLE_IDENTIFIER = com.ariashary.PhotoramaUITests;
				PRODUCT_NAME = "$(TARGET_NAME)";
				SWIFT_VERSION = 5.0;
				TARGETED_DEVICE_FAMILY = "1,2";
				TEST_TARGET_NAME = Photorama;
			};
			name = Release;
		};
/* End XCBuildConfiguration section */

/* Begin XCConfigurationList section */
		BDF21B3823098C050055DDDF /* Build configuration list for PBXProject "Photorama" */ = {
			isa = XCConfigurationList;
			buildConfigurations = (
				BDF21B6323098C090055DDDF /* Debug */,
				BDF21B6423098C090055DDDF /* Release */,
			);
			defaultConfigurationIsVisible = 0;
			defaultConfigurationName = Release;
		};
		BDF21B6523098C090055DDDF /* Build configuration list for PBXNativeTarget "Photorama" */ = {
			isa = XCConfigurationList;
			buildConfigurations = (
				BDF21B6623098C090055DDDF /* Debug */,
				BDF21B6723098C090055DDDF /* Release */,
			);
			defaultConfigurationIsVisible = 0;
			defaultConfigurationName = Release;
		};
		BDF21B6823098C090055DDDF /* Build configuration list for PBXNativeTarget "PhotoramaTests" */ = {
			isa = XCConfigurationList;
			buildConfigurations = (
				BDF21B6923098C090055DDDF /* Debug */,
				BDF21B6A23098C090055DDDF /* Release */,
			);
			defaultConfigurationIsVisible = 0;
			defaultConfigurationName = Release;
		};
		BDF21B6B23098C090055DDDF /* Build configuration list for PBXNativeTarget "PhotoramaUITests" */ = {
			isa = XCConfigurationList;
			buildConfigurations = (
				BDF21B6C23098C090055DDDF /* Debug */,
				BDF21B6D23098C090055DDDF /* Release */,
			);
			defaultConfigurationIsVisible = 0;
			defaultConfigurationName = Release;
		};
/* End XCConfigurationList section */
	};
	rootObject = BDF21B3523098C050055DDDF /* Project object */;
}
